{
  "name": "@imooc-cli-dev-x1/exec",
  "version": "0.0.3",
  "lockfileVersion": 2,
  "requires": true,
  "packages": {
    "": {
      "name": "@imooc-cli-dev-x1/exec",
      "version": "0.0.3",
      "license": "ISC",
      "dependencies": {
        "@imooc-cli-dev-x1/log": "file:../../utils/log",
        "@imooc-cli-dev-x1/package": "file:../../models/package"
      }
    },
    "../../models/package": {
      "name": "@imooc-cli-dev-x1/package",
      "version": "0.0.3",
      "license": "ISC",
      "dependencies": {
        "@imooc-cli-dev-x1/format-path": "file:../../utils/format-path",
        "@imooc-cli-dev-x1/get-npm-info": "file:../../utils/get-npm-info",
        "@imooc-cli-dev-x1/utils": "file:../../utils/utils",
        "fs-extra": "^10.1.0",
        "npminstall": "^6.3.0",
        "path-exists": "4.0.0",
        "pkg-dir": "^5.0.0"
      }
    },
    "../../utils/log": {
      "name": "@imooc-cli-dev-x1/log",
      "version": "0.0.3",
      "license": "ISC",
      "dependencies": {
        "npmlog": "^6.0.2"
      }
    },
    "node_modules/@imooc-cli-dev-x1/log": {
      "resolved": "../../utils/log",
      "link": true
    },
    "node_modules/@imooc-cli-dev-x1/package": {
      "resolved": "../../models/package",
      "link": true
    }
  },
  "dependencies": {
    "@imooc-cli-dev-x1/log": {
      "version": "file:../../utils/log",
      "requires": {
        "npmlog": "^6.0.2"
      }
    },
    "@imooc-cli-dev-x1/package": {
      "version": "file:../../models/package",
      "requires": {
        "@imooc-cli-dev-x1/format-path": "file:../../utils/format-path",
        "@imooc-cli-dev-x1/get-npm-info": "file:../../utils/get-npm-info",
        "@imooc-cli-dev-x1/utils": "file:../../utils/utils",
        "fs-extra": "^10.1.0",
        "npminstall": "^6.3.0",
        "path-exists": "4.0.0",
        "pkg-dir": "^5.0.0"
      }
    }
  }
}
